// !$*UTF8*$!
{
	archiveVersion = 1;
	classes = {
	};
	objectVersion = 46;
	objects = {

/* Begin PBXBuildFile section */
		3711664E1DE660E600902F43 /* AppDelegate.swift in Sources */ = {isa = PBXBuildFile; fileRef = 3711664D1DE660E600902F43 /* AppDelegate.swift */; };
		371166501DE660E600902F43 /* ViewController.swift in Sources */ = {isa = PBXBuildFile; fileRef = 3711664F1DE660E600902F43 /* ViewController.swift */; };
		371166531DE660E600902F43 /* Main.storyboard in Resources */ = {isa = PBXBuildFile; fileRef = 371166511DE660E600902F43 /* Main.storyboard */; };
		371166551DE660E600902F43 /* Assets.xcassets in Resources */ = {isa = PBXBuildFile; fileRef = 371166541DE660E600902F43 /* Assets.xcassets */; };
		371166581DE660E600902F43 /* LaunchScreen.storyboard in Resources */ = {isa = PBXBuildFile; fileRef = 371166561DE660E600902F43 /* LaunchScreen.storyboard */; };
		371166601DE6610800902F43 /* exer1.swift in Sources */ = {isa = PBXBuildFile; fileRef = 3711665F1DE6610800902F43 /* exer1.swift */; };
		37ECF80D1DE66424009D5138 /* exer2.swift in Sources */ = {isa = PBXBuildFile; fileRef = 37ECF80C1DE66424009D5138 /* exer2.swift */; };
		37ECF80F1DE66463009D5138 /* exer3.swift in Sources */ = {isa = PBXBuildFile; fileRef = 37ECF80E1DE66463009D5138 /* exer3.swift */; };
		37ECF8111DE6647C009D5138 /* exer4.swift in Sources */ = {isa = PBXBuildFile; fileRef = 37ECF8101DE6647C009D5138 /* exer4.swift */; };
		37ECF8131DE66B10009D5138 /* Exer5.swift in Sources */ = {isa = PBXBuildFile; fileRef = 37ECF8121DE66B10009D5138 /* Exer5.swift */; };
		37ECF8151DE66B1B009D5138 /* Exer6.swift in Sources */ = {isa = PBXBuildFile; fileRef = 37ECF8141DE66B1B009D5138 /* Exer6.swift */; };
		37ECF8171DE66B23009D5138 /* Exer7.swift in Sources */ = {isa = PBXBuildFile; fileRef = 37ECF8161DE66B23009D5138 /* Exer7.swift */; };
		37ECF8191DE66B2E009D5138 /* Exer8.swift in Sources */ = {isa = PBXBuildFile; fileRef = 37ECF8181DE66B2E009D5138 /* Exer8.swift */; };
		37ECF81B1DE66B35009D5138 /* Exer9.swift in Sources */ = {isa = PBXBuildFile; fileRef = 37ECF81A1DE66B35009D5138 /* Exer9.swift */; };
		37ECF81D1DE66B47009D5138 /* Exer10.swift in Sources */ = {isa = PBXBuildFile; fileRef = 37ECF81C1DE66B47009D5138 /* Exer10.swift */; };
		37ECF81F1DE66B52009D5138 /* Exer11.swift in Sources */ = {isa = PBXBuildFile; fileRef = 37ECF81E1DE66B52009D5138 /* Exer11.swift */; };
/* End PBXBuildFile section */

/* Begin PBXFileReference section */
		3711664A1DE660E600902F43 /* thomazdf.app */ = {isa = PBXFileReference; explicitFileType = wrapper.application; includeInIndex = 0; path = thomazdf.app; sourceTree = BUILT_PRODUCTS_DIR; };
		3711664D1DE660E600902F43 /* AppDelegate.swift */ = {isa = PBXFileReference; lastKnownFileType = sourcecode.swift; path = AppDelegate.swift; sourceTree = "<group>"; };
		3711664F1DE660E600902F43 /* ViewController.swift */ = {isa = PBXFileReference; lastKnownFileType = sourcecode.swift; path = ViewController.swift; sourceTree = "<group>"; };
		371166521DE660E600902F43 /* Base */ = {isa = PBXFileReference; lastKnownFileType = file.storyboard; name = Base; path = Base.lproj/Main.storyboard; sourceTree = "<group>"; };
		371166541DE660E600902F43 /* Assets.xcassets */ = {isa = PBXFileReference; lastKnownFileType = folder.assetcatalog; path = Assets.xcassets; sourceTree = "<group>"; };
		371166571DE660E600902F43 /* Base */ = {isa = PBXFileReference; lastKnownFileType = file.storyboard; name = Base; path = Base.lproj/LaunchScreen.storyboard; sourceTree = "<group>"; };
		371166591DE660E600902F43 /* Info.plist */ = {isa = PBXFileReference; lastKnownFileType = text.plist.xml; path = Info.plist; sourceTree = "<group>"; };
		3711665F1DE6610800902F43 /* exer1.swift */ = {isa = PBXFileReference; fileEncoding = 4; lastKnownFileType = sourcecode.swift; path = exer1.swift; sourceTree = "<group>"; };
		37ECF80C1DE66424009D5138 /* exer2.swift */ = {isa = PBXFileReference; fileEncoding = 4; lastKnownFileType = sourcecode.swift; path = exer2.swift; sourceTree = "<group>"; };
		37ECF80E1DE66463009D5138 /* exer3.swift */ = {isa = PBXFileReference; fileEncoding = 4; lastKnownFileType = sourcecode.swift; path = exer3.swift; sourceTree = "<group>"; };
		37ECF8101DE6647C009D5138 /* exer4.swift */ = {isa = PBXFileReference; fileEncoding = 4; lastKnownFileType = sourcecode.swift; path = exer4.swift; sourceTree = "<group>"; };
		37ECF8121DE66B10009D5138 /* Exer5.swift */ = {isa = PBXFileReference; fileEncoding = 4; lastKnownFileType = sourcecode.swift; path = Exer5.swift; sourceTree = "<group>"; };
		37ECF8141DE66B1B009D5138 /* Exer6.swift */ = {isa = PBXFileReference; fileEncoding = 4; lastKnownFileType = sourcecode.swift; path = Exer6.swift; sourceTree = "<group>"; };
		37ECF8161DE66B23009D5138 /* Exer7.swift */ = {isa = PBXFileReference; fileEncoding = 4; lastKnownFileType = sourcecode.swift; path = Exer7.swift; sourceTree = "<group>"; };
		37ECF8181DE66B2E009D5138 /* Exer8.swift */ = {isa = PBXFileReference; fileEncoding = 4; lastKnownFileType = sourcecode.swift; path = Exer8.swift; sourceTree = "<group>"; };
		37ECF81A1DE66B35009D5138 /* Exer9.swift */ = {isa = PBXFileReference; fileEncoding = 4; lastKnownFileType = sourcecode.swift; path = Exer9.swift; sourceTree = "<group>"; };
		37ECF81C1DE66B47009D5138 /* Exer10.swift */ = {isa = PBXFileReference; fileEncoding = 4; lastKnownFileType = sourcecode.swift; path = Exer10.swift; sourceTree = "<group>"; };
		37ECF81E1DE66B52009D5138 /* Exer11.swift */ = {isa = PBXFileReference; fileEncoding = 4; lastKnownFileType = sourcecode.swift; path = Exer11.swift; sourceTree = "<group>"; };
/* End PBXFileReference section */

/* Begin PBXFrameworksBuildPhase section */
		371166471DE660E600902F43 /* Frameworks */ = {
			isa = PBXFrameworksBuildPhase;
			buildActionMask = 2147483647;
			files = (
			);
			runOnlyForDeploymentPostprocessing = 0;
		};
/* End PBXFrameworksBuildPhase section */

/* Begin PBXGroup section */
		371166411DE660E600902F43 = {
			isa = PBXGroup;
			children = (
				3711664C1DE660E600902F43 /* thomazdf */,
				3711664B1DE660E600902F43 /* Products */,
			);
			sourceTree = "<group>";
		};
		3711664B1DE660E600902F43 /* Products */ = {
			isa = PBXGroup;
			children = (
				3711664A1DE660E600902F43 /* thomazdf.app */,
			);
			name = Products;
			sourceTree = "<group>";
		};
		3711664C1DE660E600902F43 /* thomazdf */ = {
			isa = PBXGroup;
			children = (
				3711664D1DE660E600902F43 /* AppDelegate.swift */,
				3711664F1DE660E600902F43 /* ViewController.swift */,
				371166511DE660E600902F43 /* Main.storyboard */,
				371166541DE660E600902F43 /* Assets.xcassets */,
				371166561DE660E600902F43 /* LaunchScreen.storyboard */,
				371166591DE660E600902F43 /* Info.plist */,
				37ECF80B1DE6640E009D5138 /* exercicios */,
			);
			path = thomazdf;
			sourceTree = "<group>";
		};
		37ECF80B1DE6640E009D5138 /* exercicios */ = {
			isa = PBXGroup;
			children = (
				3711665F1DE6610800902F43 /* exer1.swift */,
				37ECF80C1DE66424009D5138 /* exer2.swift */,
				37ECF80E1DE66463009D5138 /* exer3.swift */,
				37ECF8101DE6647C009D5138 /* exer4.swift */,
				37ECF8121DE66B10009D5138 /* Exer5.swift */,
				37ECF8141DE66B1B009D5138 /* Exer6.swift */,
				37ECF8161DE66B23009D5138 /* Exer7.swift */,
				37ECF8181DE66B2E009D5138 /* Exer8.swift */,
				37ECF81A1DE66B35009D5138 /* Exer9.swift */,
				37ECF81C1DE66B47009D5138 /* Exer10.swift */,
				37ECF81E1DE66B52009D5138 /* Exer11.swift */,
			);
			name = exercicios;
			sourceTree = "<group>";
		};
/* End PBXGroup section */

/* Begin PBXNativeTarget section */
		371166491DE660E600902F43 /* thomazdf */ = {
			isa = PBXNativeTarget;
			buildConfigurationList = 3711665C1DE660E600902F43 /* Build configuration list for PBXNativeTarget "thomazdf" */;
			buildPhases = (
				371166461DE660E600902F43 /* Sources */,
				371166471DE660E600902F43 /* Frameworks */,
				371166481DE660E600902F43 /* Resources */,
			);
			buildRules = (
			);
			dependencies = (
			);
			name = thomazdf;
			productName = thomazdf;
			productReference = 3711664A1DE660E600902F43 /* thomazdf.app */;
			productType = "com.apple.product-type.application";
		};
/* End PBXNativeTarget section */

/* Begin PBXProject section */
		371166421DE660E600902F43 /* Project object */ = {
			isa = PBXProject;
			attributes = {
				LastSwiftUpdateCheck = 0810;
				LastUpgradeCheck = 0810;
				ORGANIZATIONNAME = Machado;
				TargetAttributes = {
					371166491DE660E600902F43 = {
						CreatedOnToolsVersion = 8.1;
						DevelopmentTeam = 285G2S3CEQ;
						ProvisioningStyle = Automatic;
					};
				};
			};
			buildConfigurationList = 371166451DE660E600902F43 /* Build configuration list for PBXProject "thomazdf" */;
			compatibilityVersion = "Xcode 3.2";
			developmentRegion = English;
			hasScannedForEncodings = 0;
			knownRegions = (
				en,
				Base,
			);
			mainGroup = 371166411DE660E600902F43;
			productRefGroup = 3711664B1DE660E600902F43 /* Products */;
			projectDirPath = "";
			projectRoot = "";
			targets = (
				371166491DE660E600902F43 /* thomazdf */,
			);
		};
/* End PBXProject section */

/* Begin PBXResourcesBuildPhase section */
		371166481DE660E600902F43 /* Resources */ = {
			isa = PBXResourcesBuildPhase;
			buildActionMask = 2147483647;
			files = (
				371166581DE660E600902F43 /* LaunchScreen.storyboard in Resources */,
				371166551DE660E600902F43 /* Assets.xcassets in Resources */,
				371166531DE660E600902F43 /* Main.storyboard in Resources */,
			);
			runOnlyForDeploymentPostprocessing = 0;
		};
/* End PBXResourcesBuildPhase section */

/* Begin PBXSourcesBuildPhase section */
		371166461DE660E600902F43 /* Sources */ = {
			isa = PBXSourcesBuildPhase;
			buildActionMask = 2147483647;
			files = (
				37ECF81B1DE66B35009D5138 /* Exer9.swift in Sources */,
				37ECF8151DE66B1B009D5138 /* Exer6.swift in Sources */,
				37ECF8111DE6647C009D5138 /* exer4.swift in Sources */,
				37ECF81F1DE66B52009D5138 /* Exer11.swift in Sources */,
				37ECF8171DE66B23009D5138 /* Exer7.swift in Sources */,
				37ECF80D1DE66424009D5138 /* exer2.swift in Sources */,
				371166601DE6610800902F43 /* exer1.swift in Sources */,
				371166501DE660E600902F43 /* ViewController.swift in Sources */,
				37ECF80F1DE66463009D5138 /* exer3.swift in Sources */,
				37ECF81D1DE66B47009D5138 /* Exer10.swift in Sources */,
				37ECF8131DE66B10009D5138 /* Exer5.swift in Sources */,
				37ECF8191DE66B2E009D5138 /* Exer8.swift in Sources */,
				3711664E1DE660E600902F43 /* AppDelegate.swift in Sources */,
			);
			runOnlyForDeploymentPostprocessing = 0;
		};
/* End PBXSourcesBuildPhase section */

/* Begin PBXVariantGroup section */
		371166511DE660E600902F43 /* Main.storyboard */ = {
			isa = PBXVariantGroup;
			children = (
				371166521DE660E600902F43 /* Base */,
			);
			name = Main.storyboard;
			sourceTree = "<group>";
		};
		371166561DE660E600902F43 /* LaunchScreen.storyboard */ = {
			isa = PBXVariantGroup;
			children = (
				371166571DE660E600902F43 /* Base */,
			);
			name = LaunchScreen.storyboard;
			sourceTree = "<group>";
		};
/* End PBXVariantGroup section */

/* Begin XCBuildConfiguration section */
		3711665A1DE660E600902F43 /* Debug */ = {
			isa = XCBuildConfiguration;
			buildSettings = {
				ALWAYS_SEARCH_USER_PATHS = NO;
				CLANG_ANALYZER_NONNULL = YES;
				CLANG_CXX_LANGUAGE_STANDARD = "gnu++0x";
				CLANG_CXX_LIBRARY = "libc++";
				CLANG_ENABLE_MODULES = YES;
				CLANG_ENABLE_OBJC_ARC = YES;
				CLANG_WARN_BOOL_CONVERSION = YES;
				CLANG_WARN_CONSTANT_CONVERSION = YES;
				CLANG_WARN_DIRECT_OBJC_ISA_USAGE = YES_ERROR;
				CLANG_WARN_DOCUMENTATION_COMMENTS = YES;
				CLANG_WARN_EMPTY_BODY = YES;
				CLANG_WARN_ENUM_CONVERSION = YES;
				CLANG_WARN_INFINITE_RECURSION = YES;
				CLANG_WARN_INT_CONVERSION = YES;
				CLANG_WARN_OBJC_ROOT_CLASS = YES_ERROR;
				CLANG_WARN_SUSPICIOUS_MOVES = YES;
				CLANG_WARN_UNREACHABLE_CODE = YES;
				CLANG_WARN__DUPLICATE_METHOD_MATCH = YES;
				"CODE_SIGN_IDENTITY[sdk=iphoneos*]" = "iPhone Developer";
				COPY_PHASE_STRIP = NO;
				DEBUG_INFORMATION_FORMAT = dwarf;
				ENABLE_STRICT_OBJC_MSGSEND = YES;
				ENABLE_TESTABILITY = YES;
				GCC_C_LANGUAGE_STANDARD = gnu99;
				GCC_DYNAMIC_NO_PIC = NO;
				GCC_NO_COMMON_BLOCKS = YES;
				GCC_OPTIMIZATION_LEVEL = 0;
				GCC_PREPROCESSOR_DEFINITIONS = (
					"DEBUG=1",
					"$(inherited)",
				);
				GCC_WARN_64_TO_32_BIT_CONVERSION = YES;
				GCC_WARN_ABOUT_RETURN_TYPE = YES_ERROR;
				GCC_WARN_UNDECLARED_SELECTOR = YES;
				GCC_WARN_UNINITIALIZED_AUTOS = YES_AGGRESSIVE;
				GCC_WARN_UNUSED_FUNCTION = YES;
				GCC_WARN_UNUSED_VARIABLE = YES;
				IPHONEOS_DEPLOYMENT_TARGET = 10.1;
				MTL_ENABLE_DEBUG_INFO = YES;
				ONLY_ACTIVE_ARCH = YES;
				SDKROOT = iphoneos;
				SWIFT_ACTIVE_COMPILATION_CONDITIONS = DEBUG;
				SWIFT_OPTIMIZATION_LEVEL = "-Onone";
				TARGETED_DEVICE_FAMILY = "1,2";
			};
			name = Debug;
		};
		3711665B1DE660E600902F43 /* Release */ = {
			isa = XCBuildConfiguration;
			buildSettings = {
				ALWAYS_SEARCH_USER_PATHS = NO;
				CLANG_ANALYZER_NONNULL = YES;
				CLANG_CXX_LANGUAGE_STANDARD = "gnu++0x";
				CLANG_CXX_LIBRARY = "libc++";
				CLANG_ENABLE_MODULES = YES;
				CLANG_ENABLE_OBJC_ARC = YES;
				CLANG_WARN_BOOL_CONVERSION = YES;
				CLANG_WARN_CONSTANT_CONVERSION = YES;
				CLANG_WARN_DIRECT_OBJC_ISA_USAGE = YES_ERROR;
				CLANG_WARN_DOCUMENTATION_COMMENTS = YES;
				CLANG_WARN_EMPTY_BODY = YES;
				CLANG_WARN_ENUM_CONVERSION = YES;
				CLANG_WARN_INFINITE_RECURSION = YES;
				CLANG_WARN_INT_CONVERSION = YES;
				CLANG_WARN_OBJC_ROOT_CLASS = YES_ERROR;
				CLANG_WARN_SUSPICIOUS_MOVES = YES;
				CLANG_WARN_UNREACHABLE_CODE = YES;
				CLANG_WARN__DUPLICATE_METHOD_MATCH = YES;
				"CODE_SIGN_IDENTITY[sdk=iphoneos*]" = "iPhone Developer";
				COPY_PHASE_STRIP = NO;
				DEBUG_INFORMATION_FORMAT = "dwarf-with-dsym";
				ENABLE_NS_ASSERTIONS = NO;
				ENABLE_STRICT_OBJC_MSGSEND = YES;
				GCC_C_LANGUAGE_STANDARD = gnu99;
				GCC_NO_COMMON_BLOCKS = YES;
				GCC_WARN_64_TO_32_BIT_CONVERSION = YES;
				GCC_WARN_ABOUT_RETURN_TYPE = YES_ERROR;
				GCC_WARN_UNDECLARED_SELECTOR = YES;
				GCC_WARN_UNINITIALIZED_AUTOS = YES_AGGRESSIVE;
				GCC_WARN_UNUSED_FUNCTION = YES;
				GCC_WARN_UNUSED_VARIABLE = YES;
				IPHONEOS_DEPLOYMENT_TARGET = 10.1;
				MTL_ENABLE_DEBUG_INFO = NO;
				SDKROOT = iphoneos;
				SWIFT_OPTIMIZATION_LEVEL = "-Owholemodule";
				TARGETED_DEVICE_FAMILY = "1,2";
				VALIDATE_PRODUCT = YES;
			};
			name = Release;
		};
		3711665D1DE660E600902F43 /* Debug */ = {
			isa = XCBuildConfiguration;
			buildSettings = {
				ASSETCATALOG_COMPILER_APPICON_NAME = AppIcon;
				DEVELOPMENT_TEAM = 285G2S3CEQ;
				INFOPLIST_FILE = thomazdf/Info.plist;
				LD_RUNPATH_SEARCH_PATHS = "$(inherited) @executable_path/Frameworks";
				PRODUCT_BUNDLE_IDENTIFIER = com.despachapp.test.thomazdf;
				PRODUCT_NAME = "$(TARGET_NAME)";
				SWIFT_VERSION = 3.0;
			};
			name = Debug;
		};
		3711665E1DE660E600902F43 /* Release */ = {
			isa = XCBuildConfiguration;
			buildSettings = {
				ASSETCATALOG_COMPILER_APPICON_NAME = AppIcon;
				DEVELOPMENT_TEAM = 285G2S3CEQ;
				INFOPLIST_FILE = thomazdf/Info.plist;
				LD_RUNPATH_SEARCH_PATHS = "$(inherited) @executable_path/Frameworks";
				PRODUCT_BUNDLE_IDENTIFIER = com.despachapp.test.thomazdf;
				PRODUCT_NAME = "$(TARGET_NAME)";
				SWIFT_VERSION = 3.0;
			};
			name = Release;
		};
/* End XCBuildConfiguration section */

/* Begin XCConfigurationList section */
		371166451DE660E600902F43 /* Build configuration list for PBXProject "thomazdf" */ = {
			isa = XCConfigurationList;
			buildConfigurations = (
				3711665A1DE660E600902F43 /* Debug */,
				3711665B1DE660E600902F43 /* Release */,
			);
			defaultConfigurationIsVisible = 0;
			defaultConfigurationName = Release;
		};
		3711665C1DE660E600902F43 /* Build configuration list for PBXNativeTarget "thomazdf" */ = {
			isa = XCConfigurationList;
			buildConfigurations = (
				3711665D1DE660E600902F43 /* Debug */,
				3711665E1DE660E600902F43 /* Release */,
			);
			defaultConfigurationIsVisible = 0;
			defaultConfigurationName = Release;
		};
/* End XCConfigurationList section */
	};
	rootObject = 371166421DE660E600902F43 /* Project object */;
}
